// !$*UTF8*$!
{
	archiveVersion = 1;
	classes = {
	};
	objectVersion = 50;
	objects = {

/* Begin PBXBuildFile section */
		EE492B4B248299B000621D63 /* AppDelegate.m in Sources */ = {isa = PBXBuildFile; fileRef = EE492B4A248299B000621D63 /* AppDelegate.m */; };
		EE492B4E248299B000621D63 /* SceneDelegate.m in Sources */ = {isa = PBXBuildFile; fileRef = EE492B4D248299B000621D63 /* SceneDelegate.m */; };
		EE492B51248299B000621D63 /* ViewController.m in Sources */ = {isa = PBXBuildFile; fileRef = EE492B50248299B000621D63 /* ViewController.m */; };
		EE492B54248299B000621D63 /* Main.storyboard in Resources */ = {isa = PBXBuildFile; fileRef = EE492B52248299B000621D63 /* Main.storyboard */; };
		EE492B56248299B300621D63 /* Assets.xcassets in Resources */ = {isa = PBXBuildFile; fileRef = EE492B55248299B300621D63 /* Assets.xcassets */; };
		EE492B59248299B300621D63 /* LaunchScreen.storyboard in Resources */ = {isa = PBXBuildFile; fileRef = EE492B57248299B300621D63 /* LaunchScreen.storyboard */; };
		EE492B5C248299B300621D63 /* main.m in Sources */ = {isa = PBXBuildFile; fileRef = EE492B5B248299B300621D63 /* main.m */; };
		EE492B6424829BFB00621D63 /* LCTitleListTableViewController.m in Sources */ = {isa = PBXBuildFile; fileRef = EE492B6324829BFB00621D63 /* LCTitleListTableViewController.m */; };
		EE492B6A2482A0EF00621D63 /* LCTitleDetailViewController.m in Sources */ = {isa = PBXBuildFile; fileRef = EE492B692482A0EF00621D63 /* LCTitleDetailViewController.m */; };
		EE492B6D2483575700621D63 /* LCDataModal.m in Sources */ = {isa = PBXBuildFile; fileRef = EE492B6C2483575700621D63 /* LCDataModal.m */; };
/* End PBXBuildFile section */

/* Begin PBXFileReference section */
		EE492B46248299B000621D63 /* LeetCodeDemo.app */ = {isa = PBXFileReference; explicitFileType = wrapper.application; includeInIndex = 0; path = LeetCodeDemo.app; sourceTree = BUILT_PRODUCTS_DIR; };
		EE492B49248299B000621D63 /* AppDelegate.h */ = {isa = PBXFileReference; lastKnownFileType = sourcecode.c.h; path = AppDelegate.h; sourceTree = "<group>"; };
		EE492B4A248299B000621D63 /* AppDelegate.m */ = {isa = PBXFileReference; lastKnownFileType = sourcecode.c.objc; path = AppDelegate.m; sourceTree = "<group>"; };
		EE492B4C248299B000621D63 /* SceneDelegate.h */ = {isa = PBXFileReference; lastKnownFileType = sourcecode.c.h; path = SceneDelegate.h; sourceTree = "<group>"; };
		EE492B4D248299B000621D63 /* SceneDelegate.m */ = {isa = PBXFileReference; lastKnownFileType = sourcecode.c.objc; path = SceneDelegate.m; sourceTree = "<group>"; };
		EE492B4F248299B000621D63 /* ViewController.h */ = {isa = PBXFileReference; lastKnownFileType = sourcecode.c.h; path = ViewController.h; sourceTree = "<group>"; };
		EE492B50248299B000621D63 /* ViewController.m */ = {isa = PBXFileReference; lastKnownFileType = sourcecode.c.objc; path = ViewController.m; sourceTree = "<group>"; };
		EE492B53248299B000621D63 /* Base */ = {isa = PBXFileReference; lastKnownFileType = file.storyboard; name = Base; path = Base.lproj/Main.storyboard; sourceTree = "<group>"; };
		EE492B55248299B300621D63 /* Assets.xcassets */ = {isa = PBXFileReference; lastKnownFileType = folder.assetcatalog; path = Assets.xcassets; sourceTree = "<group>"; };
		EE492B58248299B300621D63 /* Base */ = {isa = PBXFileReference; lastKnownFileType = file.storyboard; name = Base; path = Base.lproj/LaunchScreen.storyboard; sourceTree = "<group>"; };
		EE492B5A248299B300621D63 /* Info.plist */ = {isa = PBXFileReference; lastKnownFileType = text.plist.xml; path = Info.plist; sourceTree = "<group>"; };
		EE492B5B248299B300621D63 /* main.m */ = {isa = PBXFileReference; lastKnownFileType = sourcecode.c.objc; path = main.m; sourceTree = "<group>"; };
		EE492B6224829BFB00621D63 /* LCTitleListTableViewController.h */ = {isa = PBXFileReference; lastKnownFileType = sourcecode.c.h; path = LCTitleListTableViewController.h; sourceTree = "<group>"; };
		EE492B6324829BFB00621D63 /* LCTitleListTableViewController.m */ = {isa = PBXFileReference; lastKnownFileType = sourcecode.c.objc; path = LCTitleListTableViewController.m; sourceTree = "<group>"; };
		EE492B682482A0EF00621D63 /* LCTitleDetailViewController.h */ = {isa = PBXFileReference; lastKnownFileType = sourcecode.c.h; path = LCTitleDetailViewController.h; sourceTree = "<group>"; };
		EE492B692482A0EF00621D63 /* LCTitleDetailViewController.m */ = {isa = PBXFileReference; lastKnownFileType = sourcecode.c.objc; path = LCTitleDetailViewController.m; sourceTree = "<group>"; };
		EE492B6B2483575700621D63 /* LCDataModal.h */ = {isa = PBXFileReference; lastKnownFileType = sourcecode.c.h; path = LCDataModal.h; sourceTree = "<group>"; };
		EE492B6C2483575700621D63 /* LCDataModal.m */ = {isa = PBXFileReference; lastKnownFileType = sourcecode.c.objc; path = LCDataModal.m; sourceTree = "<group>"; };
/* End PBXFileReference section */

/* Begin PBXFrameworksBuildPhase section */
		EE492B43248299B000621D63 /* Frameworks */ = {
			isa = PBXFrameworksBuildPhase;
			buildActionMask = 2147483647;
			files = (
			);
			runOnlyForDeploymentPostprocessing = 0;
		};
/* End PBXFrameworksBuildPhase section */

/* Begin PBXGroup section */
		EE492B3D248299B000621D63 = {
			isa = PBXGroup;
			children = (
				EE492B48248299B000621D63 /* LeetCodeDemo */,
				EE492B47248299B000621D63 /* Products */,
			);
			sourceTree = "<group>";
		};
		EE492B47248299B000621D63 /* Products */ = {
			isa = PBXGroup;
			children = (
				EE492B46248299B000621D63 /* LeetCodeDemo.app */,
			);
			name = Products;
			sourceTree = "<group>";
		};
		EE492B48248299B000621D63 /* LeetCodeDemo */ = {
			isa = PBXGroup;
			children = (
				EE492B49248299B000621D63 /* AppDelegate.h */,
				EE492B4A248299B000621D63 /* AppDelegate.m */,
				EE492B4C248299B000621D63 /* SceneDelegate.h */,
				EE492B4D248299B000621D63 /* SceneDelegate.m */,
				EE492B4F248299B000621D63 /* ViewController.h */,
				EE492B50248299B000621D63 /* ViewController.m */,
				EE492B682482A0EF00621D63 /* LCTitleDetailViewController.h */,
				EE492B692482A0EF00621D63 /* LCTitleDetailViewController.m */,
				EE492B6B2483575700621D63 /* LCDataModal.h */,
				EE492B6C2483575700621D63 /* LCDataModal.m */,
				EE492B52248299B000621D63 /* Main.storyboard */,
				EE492B6224829BFB00621D63 /* LCTitleListTableViewController.h */,
				EE492B6324829BFB00621D63 /* LCTitleListTableViewController.m */,
				EE492B55248299B300621D63 /* Assets.xcassets */,
				EE492B57248299B300621D63 /* LaunchScreen.storyboard */,
				EE492B5A248299B300621D63 /* Info.plist */,
				EE492B5B248299B300621D63 /* main.m */,
			);
			path = LeetCodeDemo;
			sourceTree = "<group>";
		};
/* End PBXGroup section */

/* Begin PBXNativeTarget section */
		EE492B45248299B000621D63 /* LeetCodeDemo */ = {
			isa = PBXNativeTarget;
			buildConfigurationList = EE492B5F248299B300621D63 /* Build configuration list for PBXNativeTarget "LeetCodeDemo" */;
			buildPhases = (
				EE492B42248299B000621D63 /* Sources */,
				EE492B43248299B000621D63 /* Frameworks */,
				EE492B44248299B000621D63 /* Resources */,
			);
			buildRules = (
			);
			dependencies = (
			);
			name = LeetCodeDemo;
			productName = LeetCodeDemo;
			productReference = EE492B46248299B000621D63 /* LeetCodeDemo.app */;
			productType = "com.apple.product-type.application";
		};
/* End PBXNativeTarget section */

/* Begin PBXProject section */
		EE492B3E248299B000621D63 /* Project object */ = {
			isa = PBXProject;
			attributes = {
				LastUpgradeCheck = 1140;
				ORGANIZATIONNAME = jinren;
				TargetAttributes = {
					EE492B45248299B000621D63 = {
						CreatedOnToolsVersion = 11.4;
					};
				};
			};
			buildConfigurationList = EE492B41248299B000621D63 /* Build configuration list for PBXProject "LeetCodeDemo" */;
			compatibilityVersion = "Xcode 9.3";
			developmentRegion = en;
			hasScannedForEncodings = 0;
			knownRegions = (
				en,
				Base,
			);
			mainGroup = EE492B3D248299B000621D63;
			productRefGroup = EE492B47248299B000621D63 /* Products */;
			projectDirPath = "";
			projectRoot = "";
			targets = (
				EE492B45248299B000621D63 /* LeetCodeDemo */,
			);
		};
/* End PBXProject section */

/* Begin PBXResourcesBuildPhase section */
		EE492B44248299B000621D63 /* Resources */ = {
			isa = PBXResourcesBuildPhase;
			buildActionMask = 2147483647;
			files = (
				EE492B59248299B300621D63 /* LaunchScreen.storyboard in Resources */,
				EE492B56248299B300621D63 /* Assets.xcassets in Resources */,
				EE492B54248299B000621D63 /* Main.storyboard in Resources */,
			);
			runOnlyForDeploymentPostprocessing = 0;
		};
/* End PBXResourcesBuildPhase section */

/* Begin PBXSourcesBuildPhase section */
		EE492B42248299B000621D63 /* Sources */ = {
			isa = PBXSourcesBuildPhase;
			buildActionMask = 2147483647;
			files = (
				EE492B51248299B000621D63 /* ViewController.m in Sources */,
				EE492B6424829BFB00621D63 /* LCTitleListTableViewController.m in Sources */,
				EE492B4B248299B000621D63 /* AppDelegate.m in Sources */,
				EE492B6A2482A0EF00621D63 /* LCTitleDetailViewController.m in Sources */,
				EE492B5C248299B300621D63 /* main.m in Sources */,
				EE492B6D2483575700621D63 /* LCDataModal.m in Sources */,
				EE492B4E248299B000621D63 /* SceneDelegate.m in Sources */,
			);
			runOnlyForDeploymentPostprocessing = 0;
		};
/* End PBXSourcesBuildPhase section */

/* Begin PBXVariantGroup section */
		EE492B52248299B000621D63 /* Main.storyboard */ = {
			isa = PBXVariantGroup;
			children = (
				EE492B53248299B000621D63 /* Base */,
			);
			name = Main.storyboard;
			sourceTree = "<group>";
		};
		EE492B57248299B300621D63 /* LaunchScreen.storyboard */ = {
			isa = PBXVariantGroup;
			children = (
				EE492B58248299B300621D63 /* Base */,
			);
			name = LaunchScreen.storyboard;
			sourceTree = "<group>";
		};
/* End PBXVariantGroup section */

/* Begin XCBuildConfiguration section */
		EE492B5D248299B300621D63 /* Debug */ = {
			isa = XCBuildConfiguration;
			buildSettings = {
				ALWAYS_SEARCH_USER_PATHS = NO;
				CLANG_ANALYZER_NONNULL = YES;
				CLANG_ANALYZER_NUMBER_OBJECT_CONVERSION = YES_AGGRESSIVE;
				CLANG_CXX_LANGUAGE_STANDARD = "gnu++14";
				CLANG_CXX_LIBRARY = "libc++";
				CLANG_ENABLE_MODULES = YES;
				CLANG_ENABLE_OBJC_ARC = YES;
				CLANG_ENABLE_OBJC_WEAK = YES;
				CLANG_WARN_BLOCK_CAPTURE_AUTORELEASING = YES;
				CLANG_WARN_BOOL_CONVERSION = YES;
				CLANG_WARN_COMMA = YES;
				CLANG_WARN_CONSTANT_CONVERSION = YES;
				CLANG_WARN_DEPRECATED_OBJC_IMPLEMENTATIONS = YES;
				CLANG_WARN_DIRECT_OBJC_ISA_USAGE = YES_ERROR;
				CLANG_WARN_DOCUMENTATION_COMMENTS = YES;
				CLANG_WARN_EMPTY_BODY = YES;
				CLANG_WARN_ENUM_CONVERSION = YES;
				CLANG_WARN_INFINITE_RECURSION = YES;
				CLANG_WARN_INT_CONVERSION = YES;
				CLANG_WARN_NON_LITERAL_NULL_CONVERSION = YES;
				CLANG_WARN_OBJC_IMPLICIT_RETAIN_SELF = YES;
				CLANG_WARN_OBJC_LITERAL_CONVERSION = YES;
				CLANG_WARN_OBJC_ROOT_CLASS = YES_ERROR;
				CLANG_WARN_RANGE_LOOP_ANALYSIS = YES;
				CLANG_WARN_STRICT_PROTOTYPES = YES;
				CLANG_WARN_SUSPICIOUS_MOVE = YES;
				CLANG_WARN_UNGUARDED_AVAILABILITY = YES_AGGRESSIVE;
				CLANG_WARN_UNREACHABLE_CODE = YES;
				CLANG_WARN__DUPLICATE_METHOD_MATCH = YES;
				COPY_PHASE_STRIP = NO;
				DEBUG_INFORMATION_FORMAT = dwarf;
				ENABLE_STRICT_OBJC_MSGSEND = YES;
				ENABLE_TESTABILITY = YES;
				GCC_C_LANGUAGE_STANDARD = gnu11;
				GCC_DYNAMIC_NO_PIC = NO;
				GCC_NO_COMMON_BLOCKS = YES;
				GCC_OPTIMIZATION_LEVEL = 0;
				GCC_PREPROCESSOR_DEFINITIONS = (
					"DEBUG=1",
					"$(inherited)",
				);
				GCC_WARN_64_TO_32_BIT_CONVERSION = YES;
				GCC_WARN_ABOUT_RETURN_TYPE = YES_ERROR;
				GCC_WARN_UNDECLARED_SELECTOR = YES;
				GCC_WARN_UNINITIALIZED_AUTOS = YES_AGGRESSIVE;
				GCC_WARN_UNUSED_FUNCTION = YES;
				GCC_WARN_UNUSED_VARIABLE = YES;
				IPHONEOS_DEPLOYMENT_TARGET = 13.4;
				MTL_ENABLE_DEBUG_INFO = INCLUDE_SOURCE;
				MTL_FAST_MATH = YES;
				ONLY_ACTIVE_ARCH = YES;
				SDKROOT = iphoneos;
			};
			name = Debug;
		};
		EE492B5E248299B300621D63 /* Release */ = {
			isa = XCBuildConfiguration;
			buildSettings = {
				ALWAYS_SEARCH_USER_PATHS = NO;
				CLANG_ANALYZER_NONNULL = YES;
				CLANG_ANALYZER_NUMBER_OBJECT_CONVERSION = YES_AGGRESSIVE;
				CLANG_CXX_LANGUAGE_STANDARD = "gnu++14";
				CLANG_CXX_LIBRARY = "libc++";
				CLANG_ENABLE_MODULES = YES;
				CLANG_ENABLE_OBJC_ARC = YES;
				CLANG_ENABLE_OBJC_WEAK = YES;
				CLANG_WARN_BLOCK_CAPTURE_AUTORELEASING = YES;
				CLANG_WARN_BOOL_CONVERSION = YES;
				CLANG_WARN_COMMA = YES;
				CLANG_WARN_CONSTANT_CONVERSION = YES;
				CLANG_WARN_DEPRECATED_OBJC_IMPLEMENTATIONS = YES;
				CLANG_WARN_DIRECT_OBJC_ISA_USAGE = YES_ERROR;
				CLANG_WARN_DOCUMENTATION_COMMENTS = YES;
				CLANG_WARN_EMPTY_BODY = YES;
				CLANG_WARN_ENUM_CONVERSION = YES;
				CLANG_WARN_INFINITE_RECURSION = YES;
				CLANG_WARN_INT_CONVERSION = YES;
				CLANG_WARN_NON_LITERAL_NULL_CONVERSION = YES;
				CLANG_WARN_OBJC_IMPLICIT_RETAIN_SELF = YES;
				CLANG_WARN_OBJC_LITERAL_CONVERSION = YES;
				CLANG_WARN_OBJC_ROOT_CLASS = YES_ERROR;
				CLANG_WARN_RANGE_LOOP_ANALYSIS = YES;
				CLANG_WARN_STRICT_PROTOTYPES = YES;
				CLANG_WARN_SUSPICIOUS_MOVE = YES;
				CLANG_WARN_UNGUARDED_AVAILABILITY = YES_AGGRESSIVE;
				CLANG_WARN_UNREACHABLE_CODE = YES;
				CLANG_WARN__DUPLICATE_METHOD_MATCH = YES;
				COPY_PHASE_STRIP = NO;
				DEBUG_INFORMATION_FORMAT = "dwarf-with-dsym";
				ENABLE_NS_ASSERTIONS = NO;
				ENABLE_STRICT_OBJC_MSGSEND = YES;
				GCC_C_LANGUAGE_STANDARD = gnu11;
				GCC_NO_COMMON_BLOCKS = YES;
				GCC_WARN_64_TO_32_BIT_CONVERSION = YES;
				GCC_WARN_ABOUT_RETURN_TYPE = YES_ERROR;
				GCC_WARN_UNDECLARED_SELECTOR = YES;
				GCC_WARN_UNINITIALIZED_AUTOS = YES_AGGRESSIVE;
				GCC_WARN_UNUSED_FUNCTION = YES;
				GCC_WARN_UNUSED_VARIABLE = YES;
				IPHONEOS_DEPLOYMENT_TARGET = 13.4;
				MTL_ENABLE_DEBUG_INFO = NO;
				MTL_FAST_MATH = YES;
				SDKROOT = iphoneos;
				VALIDATE_PRODUCT = YES;
			};
			name = Release;
		};
		EE492B60248299B300621D63 /* Debug */ = {
			isa = XCBuildConfiguration;
			buildSettings = {
				ASSETCATALOG_COMPILER_APPICON_NAME = AppIcon;
				CODE_SIGN_STYLE = Automatic;
				DEVELOPMENT_TEAM = 49XFPF8C85;
				INFOPLIST_FILE = LeetCodeDemo/Info.plist;
				LD_RUNPATH_SEARCH_PATHS = (
					"$(inherited)",
					"@executable_path/Frameworks",
				);
				PRODUCT_BUNDLE_IDENTIFIER = com.cisco.example.sdk.LeetCodeDemo;
				PRODUCT_NAME = "$(TARGET_NAME)";
				TARGETED_DEVICE_FAMILY = "1,2";
			};
			name = Debug;
		};
		EE492B61248299B300621D63 /* Release */ = {
			isa = XCBuildConfiguration;
			buildSettings = {
				ASSETCATALOG_COMPILER_APPICON_NAME = AppIcon;
				CODE_SIGN_STYLE = Automatic;
				DEVELOPMENT_TEAM = 49XFPF8C85;
				INFOPLIST_FILE = LeetCodeDemo/Info.plist;
				LD_RUNPATH_SEARCH_PATHS = (
					"$(inherited)",
					"@executable_path/Frameworks",
				);
				PRODUCT_BUNDLE_IDENTIFIER = com.cisco.example.sdk.LeetCodeDemo;
				PRODUCT_NAME = "$(TARGET_NAME)";
				TARGETED_DEVICE_FAMILY = "1,2";
			};
			name = Release;
		};
/* End XCBuildConfiguration section */

/* Begin XCConfigurationList section */
		EE492B41248299B000621D63 /* Build configuration list for PBXProject "LeetCodeDemo" */ = {
			isa = XCConfigurationList;
			buildConfigurations = (
				EE492B5D248299B300621D63 /* Debug */,
				EE492B5E248299B300621D63 /* Release */,
			);
			defaultConfigurationIsVisible = 0;
			defaultConfigurationName = Release;
		};
		EE492B5F248299B300621D63 /* Build configuration list for PBXNativeTarget "LeetCodeDemo" */ = {
			isa = XCConfigurationList;
			buildConfigurations = (
				EE492B60248299B300621D63 /* Debug */,
				EE492B61248299B300621D63 /* Release */,
			);
			defaultConfigurationIsVisible = 0;
			defaultConfigurationName = Release;
		};
/* End XCConfigurationList section */
	};
	rootObject = EE492B3E248299B000621D63 /* Project object */;
}
